# This file is automatically @generated by Poetry 1.8.3 and should not be changed by hand.

[[package]]
name = "gpiod"
version = "2.2.1"
description = "Python bindings for libgpiod"
optional = false
python-versions = ">=3.9.0"
files = [
    {file = "gpiod-2.2.1-cp310-cp310-manylinux_2_17_aarch64.manylinux2014_aarch64.whl", hash = "sha256:63f2466d04bd275ff669a3c47517d24e9cbbcbf0ef11af540de6e5cbe6d6ad36"},
    {file = "gpiod-2.2.1-cp310-cp310-manylinux_2_17_x86_64.manylinux2014_x86_64.whl", hash = "sha256:60ae4f307a5e138854c012df31c58b9d9405b932cdc6c65c62734a0c57d4ef46"},
    {file = "gpiod-2.2.1-cp310-cp310-musllinux_1_2_aarch64.whl", hash = "sha256:76a766d5f17d4be82c973b04af918c32006a92524461124f7cfe0ae1c5ec5075"},
    {file = "gpiod-2.2.1-cp310-cp310-musllinux_1_2_x86_64.whl", hash = "sha256:5fd077dc8933eeb1be2da78980aa4c53812119a6773d73060c7b5a1e30886373"},
    {file = "gpiod-2.2.1-cp311-cp311-manylinux_2_17_aarch64.manylinux2014_aarch64.whl", hash = "sha256:8680647c289f27c05d64a8efe06d8cb0f664b3b7de1f9c6438bbf73f60601133"},
    {file = "gpiod-2.2.1-cp311-cp311-manylinux_2_17_x86_64.manylinux2014_x86_64.whl", hash = "sha256:51ba8e0e92e9b986b1d7aa4071617b3948d4fc69bfdef68e7d8b94aec8e56e54"},
    {file = "gpiod-2.2.1-cp311-cp311-musllinux_1_2_aarch64.whl", hash = "sha256:e2d5dca742f6da10236cb73c3754b65899d3ed377951b4878d307a71e1038751"},
    {file = "gpiod-2.2.1-cp311-cp311-musllinux_1_2_x86_64.whl", hash = "sha256:fae5130a0b7130923c4996e48a151ab1da622ded40c44fe840384ad21478e39f"},
    {file = "gpiod-2.2.1-cp312-cp312-manylinux_2_17_aarch64.manylinux2014_aarch64.whl", hash = "sha256:71700d4d2eb7d3b573a01ea7a05a676538fa19d2cf1eab9e4f1f56feceda2754"},
    {file = "gpiod-2.2.1-cp312-cp312-manylinux_2_17_x86_64.manylinux2014_x86_64.whl", hash = "sha256:872637851ecfb6fe04483913a2f173150fa46f3b23f72fa7a1739857893eaed0"},
    {file = "gpiod-2.2.1-cp312-cp312-musllinux_1_2_aarch64.whl", hash = "sha256:db7ed970ada7f62e3f9049ba36b12922a08199c1e04674ba6a28b11a5aa35695"},
    {file = "gpiod-2.2.1-cp312-cp312-musllinux_1_2_x86_64.whl", hash = "sha256:9c84efbd9c79be7cc48cbe51eedf266c7ff705adfe748f7f0345a1ce616ab1bf"},
    {file = "gpiod-2.2.1-cp39-cp39-manylinux_2_17_aarch64.manylinux2014_aarch64.whl", hash = "sha256:2c797213031d7c6751b7d7674c3ce6965e1af157cbcf2b435b4652f156f1a7d4"},
    {file = "gpiod-2.2.1-cp39-cp39-manylinux_2_17_x86_64.manylinux2014_x86_64.whl", hash = "sha256:aa4e2651cd501402b022958fa73fa211876b8dc8ac799c2e9c429f48469d1f01"},
    {file = "gpiod-2.2.1-cp39-cp39-musllinux_1_2_aarch64.whl", hash = "sha256:01e8bd567288ecc0eb306d8a345e0bf3c3f0478310acc06cd4af778375a7ce1c"},
    {file = "gpiod-2.2.1-cp39-cp39-musllinux_1_2_x86_64.whl", hash = "sha256:bd0d34a2ad82f81a799d47e22060b51f6687c43d84fed1f58ebc0d1be73b341a"},
    {file = "gpiod-2.2.1.tar.gz", hash = "sha256:802dad3a89016339a231c462c6da2d56c820f5fb11519728ff86cdff0a16da96"},
]

[[package]]
name = "spidev"
version = "3.6"
description = "Python bindings for Linux SPI access through spidev"
optional = false
python-versions = "*"
files = [
    {file = "spidev-3.6-cp39-cp39-linux_armv7l.whl", hash = "sha256:280abc00a1ef7780ef62c3f294f52a2527b6c47d8c269fea98664970bcaf6da5"},
    {file = "spidev-3.6.tar.gz", hash = "sha256:14dbc37594a4aaef85403ab617985d3c3ef464d62bc9b769ef552db53701115b"},
]

[metadata]
lock-version = "2.0"
python-versions = "^3.11"
content-hash = "9f0f6c53d594c7d524589427103d24dc592907d4f1a1d7a6830169d6a47c7816"
